hash: 37ee89f0cb305863a95add70861491cdac4435edc4e05fc9318f566b15c1a61d
updated: 2017-10-25T10:11:07.421870566+01:00
imports:
- name: github.com/DataDog/datadog-go
  version: 0ddda6bee21174ef6c4873647cb0d6ec9cba996f
  subpackages:
  - statsd
- name: github.com/gin-gonic/gin
  version: d459835d2b077e44f7c9b453505ee29881d5d12d
  subpackages:
  - binding
  - render
- name: github.com/golang/protobuf
  version: 2402d76f3d41f928c7902a765dfc872356dd3aad
  subpackages:
  - proto
- name: github.com/kr/logfmt
  version: b84e30acd515aadc4b783ad4ff83aff3299bdfe0
- name: github.com/manucorporat/sse
  version: ee05b128a739a0fb76c7ebd3ae4810c1de808d6d
- name: github.com/newrelic/go-agent
  version: 462a146a1270954750aac98c5b3e83dec6a9adfd
  subpackages:
  - internal
  - internal/jsonx
  - internal/logger
  - internal/sysinfo
  - internal/utilization
- name: github.com/Sirupsen/logrus
  version: ba1b36c82c5e05c4f912a88eab0dcd91a171688f
- name: github.com/ugorji/go
  version: acb6ae458c7e13d349a39dad54bc5fa9b52de34c
  subpackages:
  - codec
- name: golang.org/x/net
  version: f315505cf3349909cdf013ea56690da34e96a451
  subpackages:
  - context
- name: golang.org/x/sys
  version: f64b50fbea64174967a8882830d621a18ee1548e
  subpackages:
  - unix
- name: gopkg.in/go-playground/validator.v8
  version: c193cecd124b5cc722d7ee5538e945bdb3348435
- name: gopkg.in/yaml.v2
  version: 31c299268d302dd0aa9a0dcf765a3d58971ac83f
testImports: []
